
Microsoft Visual Studio Solution File, Format Version 12.00
# Visual Studio Version 16
VisualStudioVersion = 16.0.30907.101
MinimumVisualStudioVersion = 10.0.40219.1
Project("{FAE04EC0-301F-11D3-BF4B-00C04F79EFBC}") = "Computer Shop Management System", "Computer Shop Management System\Computer Shop Management System.csproj", "{EA343419-2528-419E-A40D-41666A829BD5}"
EndProject
Global
	GlobalSection(SolutionConfigurationPlatforms) = preSolution
		Debug|Any CPU = Debug|Any CPU
		Release|Any CPU = Release|Any CPU
	EndGlobalSection
	GlobalSection(ProjectConfigurationPlatforms) = postSolution
		{EA343419-2528-419E-A40D-41666A829BD5}.Debug|Any CPU.ActiveCfg = Debug|Any CPU
		{EA343419-2528-419E-A40D-41666A829BD5}.Debug|Any CPU.Build.0 = Debug|Any CPU
		{EA343419-2528-419E-A40D-41666A829BD5}.Release|Any CPU.ActiveCfg = Release|Any CPU
		{EA343419-2528-419E-A40D-41666A829BD5}.Release|Any CPU.Build.0 = Release|Any CPU
	EndGlobalSection
	GlobalSection(SolutionProperties) = preSolution
		HideSolutionNode = FALSE
	EndGlobalSection
	GlobalSection(ExtensibilityGlobals) = postSolution
		SolutionGuid = {D7B7BA4E-612B-4977-BBAB-2260AC08D0EA}
	EndGlobalSection
EndGlobal
